
Microsoft Visual Studio Solution File, Format Version 12.00
# Visual Studio Version 17
VisualStudioVersion = 17.14.35906.104 d17.14
MinimumVisualStudioVersion = 10.0.40219.1
Project("{FAE04EC0-301F-11D3-BF4B-00C04F79EFBC}") = "csharp_optimistic_lock", "csharp_optimistic_lock\csharp_optimistic_lock.csproj", "{64DD1321-DB63-41EC-882E-1DA3F5C159B1}"
EndProject
Global
	GlobalSection(SolutionConfigurationPlatforms) = preSolution
		Debug|Any CPU = Debug|Any CPU
		Release|Any CPU = Release|Any CPU
	EndGlobalSection
	GlobalSection(ProjectConfigurationPlatforms) = postSolution
		{64DD1321-DB63-41EC-882E-1DA3F5C159B1}.Debug|Any CPU.ActiveCfg = Debug|Any CPU
		{64DD1321-DB63-41EC-882E-1DA3F5C159B1}.Debug|Any CPU.Build.0 = Debug|Any CPU
		{64DD1321-DB63-41EC-882E-1DA3F5C159B1}.Release|Any CPU.ActiveCfg = Release|Any CPU
		{64DD1321-DB63-41EC-882E-1DA3F5C159B1}.Release|Any CPU.Build.0 = Release|Any CPU
	EndGlobalSection
	GlobalSection(SolutionProperties) = preSolution
		HideSolutionNode = FALSE
	EndGlobalSection
	GlobalSection(ExtensibilityGlobals) = postSolution
		SolutionGuid = {405742E3-9C86-4609-A9EA-D2AAA781C41C}
	EndGlobalSection
EndGlobal
